
Microsoft Visual Studio Solution File, Format Version 12.00
# Visual Studio Version 16
VisualStudioVersion = 16.0.29911.84
MinimumVisualStudioVersion = 10.0.40219.1
Project("{9A19103F-16F7-4668-BE54-9A1E7A4F7556}") = "PlayBlazem.SharedComponents", "PlayBlazem.SharedComponents\PlayBlazem.SharedComponents.csproj", "{37425689-8ED6-453F-A942-3294018379DE}"
EndProject
Project("{9A19103F-16F7-4668-BE54-9A1E7A4F7556}") = "PlayBlazem.BreakoutGame", "PlayBlazem.BreakoutGame\PlayBlazem.BreakoutGame.csproj", "{F847B3AA-E9DB-4840-8624-2A1D16DAEDE1}"
EndProject
Project("{FAE04EC0-301F-11D3-BF4B-00C04F79EFBC}") = "PlayBlazem.UI", "PlayBlazem.UI\PlayBlazem.UI.csproj", "{3C0F2D0F-F212-4F05-B530-13A5E8FB5485}"
EndProject
Global
	GlobalSection(SolutionConfigurationPlatforms) = preSolution
		Debug|Any CPU = Debug|Any CPU
		Release|Any CPU = Release|Any CPU
	EndGlobalSection
	GlobalSection(ProjectConfigurationPlatforms) = postSolution
		{37425689-8ED6-453F-A942-3294018379DE}.Debug|Any CPU.ActiveCfg = Debug|Any CPU
		{37425689-8ED6-453F-A942-3294018379DE}.Debug|Any CPU.Build.0 = Debug|Any CPU
		{37425689-8ED6-453F-A942-3294018379DE}.Release|Any CPU.ActiveCfg = Release|Any CPU
		{37425689-8ED6-453F-A942-3294018379DE}.Release|Any CPU.Build.0 = Release|Any CPU
		{F847B3AA-E9DB-4840-8624-2A1D16DAEDE1}.Debug|Any CPU.ActiveCfg = Debug|Any CPU
		{F847B3AA-E9DB-4840-8624-2A1D16DAEDE1}.Debug|Any CPU.Build.0 = Debug|Any CPU
		{F847B3AA-E9DB-4840-8624-2A1D16DAEDE1}.Release|Any CPU.ActiveCfg = Release|Any CPU
		{F847B3AA-E9DB-4840-8624-2A1D16DAEDE1}.Release|Any CPU.Build.0 = Release|Any CPU
		{3C0F2D0F-F212-4F05-B530-13A5E8FB5485}.Debug|Any CPU.ActiveCfg = Debug|Any CPU
		{3C0F2D0F-F212-4F05-B530-13A5E8FB5485}.Debug|Any CPU.Build.0 = Debug|Any CPU
		{3C0F2D0F-F212-4F05-B530-13A5E8FB5485}.Release|Any CPU.ActiveCfg = Release|Any CPU
		{3C0F2D0F-F212-4F05-B530-13A5E8FB5485}.Release|Any CPU.Build.0 = Release|Any CPU
	EndGlobalSection
	GlobalSection(SolutionProperties) = preSolution
		HideSolutionNode = FALSE
	EndGlobalSection
	GlobalSection(ExtensibilityGlobals) = postSolution
		SolutionGuid = {4981A3BF-EAB4-4A78-B3BB-5490B6CA140E}
	EndGlobalSection
EndGlobal
